<?xml version="1.0" encoding="utf-8"?>
<Project ToolsVersion="4.0" xmlns="http://schemas.microsoft.com/developer/msbuild/2003">
  <ItemGroup>
    <Filter Include="源文件">
      <UniqueIdentifier>{4FC737F1-C7A5-4376-A066-2A32D752A2FF}</UniqueIdentifier>
      <Extensions>cpp;c;cc;cxx;def;odl;idl;hpj;bat;asm;asmx</Extensions>
    </Filter>
    <Filter Include="头文件">
      <UniqueIdentifier>{93995380-89BD-4b04-88EB-625FBE52EBFB}</UniqueIdentifier>
      <Extensions>h;hpp;hxx;hm;inl;inc;xsd</Extensions>
    </Filter>
    <Filter Include="资源文件">
      <UniqueIdentifier>{67DA6AB6-F800-4c08-8B7A-83BB121AAD01}</UniqueIdentifier>
      <Extensions>rc;ico;cur;bmp;dlg;rc2;rct;bin;rgs;gif;jpg;jpeg;jpe;resx;tiff;tif;png;wav;mfcribbon-ms</Extensions>
    </Filter>
    <Filter Include="头文件\feature">
      <UniqueIdentifier>{fb768ee5-b352-48bf-813a-a9ae9531a31a}</UniqueIdentifier>
    </Filter>
    <Filter Include="头文件\feature\prerocess">
      <UniqueIdentifier>{9757d482-fb8f-4f6f-96d4-46cbbf28e41f}</UniqueIdentifier>
    </Filter>
    <Filter Include="头文件\feature\extfeat">
      <UniqueIdentifier>{03b8e1aa-8b63-43c6-b562-194d6158210f}</UniqueIdentifier>
    </Filter>
    <Filter Include="源文件\feature">
      <UniqueIdentifier>{01dcc275-819a-40f1-9e6f-d3b2c2bca492}</UniqueIdentifier>
    </Filter>
    <Filter Include="源文件\feature\preprocess">
      <UniqueIdentifier>{db76cc34-5277-41e6-95c8-e991601fb9c9}</UniqueIdentifier>
    </Filter>
    <Filter Include="源文件\feature\extfeat">
      <UniqueIdentifier>{1838768f-011b-4a25-9013-5d4457b6e622}</UniqueIdentifier>
    </Filter>
    <Filter Include="头文件\model">
      <UniqueIdentifier>{76b0fda0-9143-4c36-8809-82cfcf072f9c}</UniqueIdentifier>
    </Filter>
    <Filter Include="源文件\model">
      <UniqueIdentifier>{84bf6ec4-7fd2-4336-8bd6-f9c614e1b06d}</UniqueIdentifier>
    </Filter>
  </ItemGroup>
  <ItemGroup>
    <ClCompile Include="main.cpp">
      <Filter>源文件</Filter>
    </ClCompile>
    <ClCompile Include="cfeature.cpp">
      <Filter>源文件\feature</Filter>
    </ClCompile>
    <ClCompile Include="cpreprocessDemo.cpp">
      <Filter>源文件\feature\preprocess</Filter>
    </ClCompile>
    <ClCompile Include="cextfeature.cpp">
      <Filter>源文件\feature\extfeat</Filter>
    </ClCompile>
<<<<<<< HEAD
    <ClCompile Include="cmodelSVM.cpp">
=======
    <ClCompile Include="cmodelDemo.cpp">
>>>>>>> lsj
      <Filter>源文件\model</Filter>
    </ClCompile>
  </ItemGroup>
  <ItemGroup>
    <ClInclude Include="wrap.h">
      <Filter>头文件</Filter>
    </ClInclude>
    <ClInclude Include="cpreprocessDemo.h">
      <Filter>头文件\feature\prerocess</Filter>
    </ClInclude>
    <ClInclude Include="cfeature.h">
      <Filter>头文件\feature</Filter>
    </ClInclude>
    <ClInclude Include="cextfeatInt.h">
      <Filter>头文件\feature\extfeat</Filter>
    </ClInclude>
    <ClInclude Include="cpreprocessInt.h">
      <Filter>头文件\feature\prerocess</Filter>
    </ClInclude>
    <ClInclude Include="cmodelInt.h">
      <Filter>头文件\model</Filter>
    </ClInclude>
    <ClInclude Include="cmodelSVM.h">
      <Filter>头文件\model</Filter>
    </ClInclude>
    <ClInclude Include="cextfeature.h">
      <Filter>头文件\feature\extfeat</Filter>
    </ClInclude>
  </ItemGroup>
</Project>